
Microsoft Visual Studio Solution File, Format Version 12.00
# Visual Studio 15
VisualStudioVersion = 15.0.28307.168
MinimumVisualStudioVersion = 10.0.40219.1
Project("{FAE04EC0-301F-11D3-BF4B-00C04F79EFBC}") = "List", "List\List.csproj", "{0609AEA2-B433-4112-A8C1-453B77B1F9EB}"
EndProject
Global
	GlobalSection(SolutionConfigurationPlatforms) = preSolution
		Debug|Any CPU = Debug|Any CPU
		Release|Any CPU = Release|Any CPU
	EndGlobalSection
	GlobalSection(ProjectConfigurationPlatforms) = postSolution
		{0609AEA2-B433-4112-A8C1-453B77B1F9EB}.Debug|Any CPU.ActiveCfg = Debug|Any CPU
		{0609AEA2-B433-4112-A8C1-453B77B1F9EB}.Debug|Any CPU.Build.0 = Debug|Any CPU
		{0609AEA2-B433-4112-A8C1-453B77B1F9EB}.Release|Any CPU.ActiveCfg = Release|Any CPU
		{0609AEA2-B433-4112-A8C1-453B77B1F9EB}.Release|Any CPU.Build.0 = Release|Any CPU
	EndGlobalSection
	GlobalSection(SolutionProperties) = preSolution
		HideSolutionNode = FALSE
	EndGlobalSection
	GlobalSection(ExtensibilityGlobals) = postSolution
		SolutionGuid = {379D72C6-8AED-4C83-BA11-E91828E854FC}
	EndGlobalSection
EndGlobal
